
Microsoft Visual Studio Solution File, Format Version 12.00
# Visual Studio 15
VisualStudioVersion = 15.0.27428.2027
MinimumVisualStudioVersion = 10.0.40219.1
Project("{9A19103F-16F7-4668-BE54-9A1E7A4F7556}") = "oDataAdventureWorks2016", "oDataAdventureWorks2016\oDataAdventureWorks2016.csproj", "{76CA73CF-1908-4169-8302-56321E8B945D}"
EndProject
Global
	GlobalSection(SolutionConfigurationPlatforms) = preSolution
		Debug|Any CPU = Debug|Any CPU
		Release|Any CPU = Release|Any CPU
	EndGlobalSection
	GlobalSection(ProjectConfigurationPlatforms) = postSolution
		{76CA73CF-1908-4169-8302-56321E8B945D}.Debug|Any CPU.ActiveCfg = Debug|Any CPU
		{76CA73CF-1908-4169-8302-56321E8B945D}.Debug|Any CPU.Build.0 = Debug|Any CPU
		{76CA73CF-1908-4169-8302-56321E8B945D}.Release|Any CPU.ActiveCfg = Release|Any CPU
		{76CA73CF-1908-4169-8302-56321E8B945D}.Release|Any CPU.Build.0 = Release|Any CPU
	EndGlobalSection
	GlobalSection(SolutionProperties) = preSolution
		HideSolutionNode = FALSE
	EndGlobalSection
	GlobalSection(ExtensibilityGlobals) = postSolution
		SolutionGuid = {6B27F68C-BAFE-4411-BC87-467397B3A4D2}
	EndGlobalSection
EndGlobal
